{
    "version": 3,
    "terraform_version": "0.10.8",
    "serial": 26,
    "lineage": "a483cd10-6ed3-4fc9-abf6-feed0efb7058",
    "modules": [
        {
            "path": [
                "root"
            ],
            "outputs": {},
            "resources": {},
            "depends_on": []
        },
        {
            "path": [
                "root",
                "ec2"
            ],
            "outputs": {
                "webserverIP": {
                    "sensitive": false,
                    "type": "list",
                    "value": [
                        "35.177.74.182"
                    ]
                }
            },
            "resources": {},
            "depends_on": []
        },
        {
            "path": [
                "root",
                "http_ec2"
            ],
            "outputs": {
                "webserverIP": {
                    "sensitive": false,
                    "type": "list",
                    "value": [
                        "52.56.66.41"
                    ]
                }
            },
            "resources": {
                "aws_instance.httpwebserver": {
                    "type": "aws_instance",
                    "depends_on": [],
                    "primary": {
                        "id": "i-038798aeb464ad764",
                        "attributes": {
                            "ami": "ami-1a7f6d7e",
                            "associate_public_ip_address": "true",
                            "availability_zone": "eu-west-2a",
                            "disable_api_termination": "false",
                            "ebs_block_device.#": "0",
                            "ebs_optimized": "false",
                            "ephemeral_block_device.#": "0",
                            "iam_instance_profile": "",
                            "id": "i-038798aeb464ad764",
                            "instance_state": "running",
                            "instance_type": "t2.micro",
                            "ipv6_addresses.#": "0",
                            "key_name": "AWS-WebServers-KeyPair",
                            "monitoring": "false",
                            "network_interface.#": "0",
                            "network_interface_id": "eni-5edc370b",
                            "primary_network_interface_id": "eni-5edc370b",
                            "private_dns": "ip-172-31-6-145.eu-west-2.compute.internal",
                            "private_ip": "172.31.6.145",
                            "public_dns": "ec2-52-56-66-41.eu-west-2.compute.amazonaws.com",
                            "public_ip": "52.56.66.41",
                            "root_block_device.#": "1",
                            "root_block_device.0.delete_on_termination": "true",
                            "root_block_device.0.iops": "100",
                            "root_block_device.0.volume_size": "8",
                            "root_block_device.0.volume_type": "gp2",
                            "security_groups.#": "2",
                            "security_groups.282360252": "httpwebserver_sg",
                            "security_groups.3434097788": "ssh_sg",
                            "source_dest_check": "true",
                            "subnet_id": "subnet-c064ebbb",
                            "tags.%": "1",
                            "tags.Name": "HTTPWebServer.0",
                            "tenancy": "default",
                            "volume_tags.%": "0",
                            "vpc_security_group_ids.#": "0"
                        },
                        "meta": {
                            "e2bfb730-ecaa-11e6-8f88-34363bc7c4c0": {
                                "create": 600000000000,
                                "delete": 600000000000,
                                "update": 600000000000
                            },
                            "schema_version": "1"
                        },
                        "tainted": false
                    },
                    "deposed": [],
                    "provider": ""
                }
            },
            "depends_on": []
        },
        {
            "path": [
                "root",
                "https_ec2"
            ],
            "outputs": {
                "webserverIP": {
                    "sensitive": false,
                    "type": "list",
                    "value": [
                        "52.56.245.144"
                    ]
                }
            },
            "resources": {
                "aws_instance.httpswebserver": {
                    "type": "aws_instance",
                    "depends_on": [],
                    "primary": {
                        "id": "i-0e8a0092fb02e5ed0",
                        "attributes": {
                            "ami": "ami-1a7f6d7e",
                            "associate_public_ip_address": "true",
                            "availability_zone": "eu-west-2a",
                            "disable_api_termination": "false",
                            "ebs_block_device.#": "0",
                            "ebs_optimized": "false",
                            "ephemeral_block_device.#": "0",
                            "iam_instance_profile": "",
                            "id": "i-0e8a0092fb02e5ed0",
                            "instance_state": "running",
                            "instance_type": "t2.micro",
                            "ipv6_addresses.#": "0",
                            "key_name": "AWS-WebServers-KeyPair",
                            "monitoring": "false",
                            "network_interface.#": "0",
                            "network_interface_id": "eni-f529c2a0",
                            "primary_network_interface_id": "eni-f529c2a0",
                            "private_dns": "ip-172-31-13-2.eu-west-2.compute.internal",
                            "private_ip": "172.31.13.2",
                            "public_dns": "ec2-35-176-204-93.eu-west-2.compute.amazonaws.com",
                            "public_ip": "35.176.204.93",
                            "root_block_device.#": "1",
                            "root_block_device.0.delete_on_termination": "true",
                            "root_block_device.0.iops": "100",
                            "root_block_device.0.volume_size": "8",
                            "root_block_device.0.volume_type": "gp2",
                            "security_groups.#": "2",
                            "security_groups.1159124295": "httpswebserver_sg",
                            "security_groups.3434097788": "ssh_sg",
                            "source_dest_check": "true",
                            "subnet_id": "subnet-c064ebbb",
                            "tags.%": "1",
                            "tags.Name": "HTTPSWebServer.0",
                            "tenancy": "default",
                            "volume_tags.%": "0",
                            "vpc_security_group_ids.#": "0"
                        },
                        "meta": {
                            "e2bfb730-ecaa-11e6-8f88-34363bc7c4c0": {
                                "create": 600000000000,
                                "delete": 600000000000,
                                "update": 600000000000
                            },
                            "schema_version": "1"
                        },
                        "tainted": true
                    },
                    "deposed": [],
                    "provider": ""
                }
            },
            "depends_on": []
        },
        {
            "path": [
                "root",
                "security"
            ],
            "outputs": {},
            "resources": {
                "aws_security_group.httpswebserver_sg": {
                    "type": "aws_security_group",
                    "depends_on": [],
                    "primary": {
                        "id": "sg-70855018",
                        "attributes": {
                            "description": "Allow inbound traffic",
                            "egress.#": "1",
                            "egress.482069346.cidr_blocks.#": "1",
                            "egress.482069346.cidr_blocks.0": "0.0.0.0/0",
                            "egress.482069346.description": "",
                            "egress.482069346.from_port": "0",
                            "egress.482069346.ipv6_cidr_blocks.#": "0",
                            "egress.482069346.prefix_list_ids.#": "0",
                            "egress.482069346.protocol": "-1",
                            "egress.482069346.security_groups.#": "0",
                            "egress.482069346.self": "false",
                            "egress.482069346.to_port": "0",
                            "id": "sg-70855018",
                            "ingress.#": "1",
                            "ingress.2617001939.cidr_blocks.#": "1",
                            "ingress.2617001939.cidr_blocks.0": "0.0.0.0/0",
                            "ingress.2617001939.description": "",
                            "ingress.2617001939.from_port": "443",
                            "ingress.2617001939.ipv6_cidr_blocks.#": "0",
                            "ingress.2617001939.protocol": "tcp",
                            "ingress.2617001939.security_groups.#": "0",
                            "ingress.2617001939.self": "false",
                            "ingress.2617001939.to_port": "443",
                            "name": "httpswebserver_sg",
                            "owner_id": "665190003487",
                            "revoke_rules_on_delete": "false",
                            "tags.%": "0",
                            "vpc_id": "vpc-cba936a2"
                        },
                        "meta": {
                            "schema_version": "1"
                        },
                        "tainted": false
                    },
                    "deposed": [],
                    "provider": ""
                },
                "aws_security_group.httpwebserver_sg": {
                    "type": "aws_security_group",
                    "depends_on": [],
                    "primary": {
                        "id": "sg-71855019",
                        "attributes": {
                            "description": "Allow inbound traffic",
                            "egress.#": "1",
                            "egress.482069346.cidr_blocks.#": "1",
                            "egress.482069346.cidr_blocks.0": "0.0.0.0/0",
                            "egress.482069346.description": "",
                            "egress.482069346.from_port": "0",
                            "egress.482069346.ipv6_cidr_blocks.#": "0",
                            "egress.482069346.prefix_list_ids.#": "0",
                            "egress.482069346.protocol": "-1",
                            "egress.482069346.security_groups.#": "0",
                            "egress.482069346.self": "false",
                            "egress.482069346.to_port": "0",
                            "id": "sg-71855019",
                            "ingress.#": "1",
                            "ingress.2214680975.cidr_blocks.#": "1",
                            "ingress.2214680975.cidr_blocks.0": "0.0.0.0/0",
                            "ingress.2214680975.description": "",
                            "ingress.2214680975.from_port": "80",
                            "ingress.2214680975.ipv6_cidr_blocks.#": "0",
                            "ingress.2214680975.protocol": "tcp",
                            "ingress.2214680975.security_groups.#": "0",
                            "ingress.2214680975.self": "false",
                            "ingress.2214680975.to_port": "80",
                            "name": "httpwebserver_sg",
                            "owner_id": "665190003487",
                            "revoke_rules_on_delete": "false",
                            "tags.%": "0",
                            "vpc_id": "vpc-cba936a2"
                        },
                        "meta": {
                            "schema_version": "1"
                        },
                        "tainted": false
                    },
                    "deposed": [],
                    "provider": ""
                },
                "aws_security_group.ssh_sg": {
                    "type": "aws_security_group",
                    "depends_on": [],
                    "primary": {
                        "id": "sg-4f875227",
                        "attributes": {
                            "description": "Allow inbound traffic",
                            "egress.#": "0",
                            "id": "sg-4f875227",
                            "ingress.#": "1",
                            "ingress.2541437006.cidr_blocks.#": "1",
                            "ingress.2541437006.cidr_blocks.0": "0.0.0.0/0",
                            "ingress.2541437006.description": "",
                            "ingress.2541437006.from_port": "22",
                            "ingress.2541437006.ipv6_cidr_blocks.#": "0",
                            "ingress.2541437006.protocol": "tcp",
                            "ingress.2541437006.security_groups.#": "0",
                            "ingress.2541437006.self": "false",
                            "ingress.2541437006.to_port": "22",
                            "name": "ssh_sg",
                            "owner_id": "665190003487",
                            "revoke_rules_on_delete": "false",
                            "tags.%": "0",
                            "vpc_id": "vpc-cba936a2"
                        },
                        "meta": {
                            "schema_version": "1"
                        },
                        "tainted": false
                    },
                    "deposed": [],
                    "provider": ""
                }
            },
            "depends_on": []
        }
    ]
}
